
Microsoft Visual Studio Solution File, Format Version 12.00
# Visual Studio Version 17
VisualStudioVersion = 17.8.34525.116
MinimumVisualStudioVersion = 10.0.40219.1
Project("{FAE04EC0-301F-11D3-BF4B-00C04F79EFBC}") = "fonebook", "fonebook\fonebook.csproj", "{9F3ADEFD-A091-4995-8375-C2E15FAE2487}"
EndProject
Global
	GlobalSection(SolutionConfigurationPlatforms) = preSolution
		Debug|Any CPU = Debug|Any CPU
		Release|Any CPU = Release|Any CPU
	EndGlobalSection
	GlobalSection(ProjectConfigurationPlatforms) = postSolution
		{9F3ADEFD-A091-4995-8375-C2E15FAE2487}.Debug|Any CPU.ActiveCfg = Debug|Any CPU
		{9F3ADEFD-A091-4995-8375-C2E15FAE2487}.Debug|Any CPU.Build.0 = Debug|Any CPU
		{9F3ADEFD-A091-4995-8375-C2E15FAE2487}.Release|Any CPU.ActiveCfg = Release|Any CPU
		{9F3ADEFD-A091-4995-8375-C2E15FAE2487}.Release|Any CPU.Build.0 = Release|Any CPU
	EndGlobalSection
	GlobalSection(SolutionProperties) = preSolution
		HideSolutionNode = FALSE
	EndGlobalSection
	GlobalSection(ExtensibilityGlobals) = postSolution
		SolutionGuid = {0CDAE729-18F9-4409-8E7A-263BDD76ABAE}
	EndGlobalSection
EndGlobal
